
Microsoft Visual Studio Solution File, Format Version 12.00
# Visual Studio Version 16
VisualStudioVersion = 16.0.31729.503
MinimumVisualStudioVersion = 10.0.40219.1
Project("{FAE04EC0-301F-11D3-BF4B-00C04F79EFBC}") = "hw1", "hw1\hw1.csproj", "{38E575D0-9C0F-484A-AA03-3CED7190262A}"
EndProject
Global
	GlobalSection(SolutionConfigurationPlatforms) = preSolution
		Debug|Any CPU = Debug|Any CPU
		Release|Any CPU = Release|Any CPU
	EndGlobalSection
	GlobalSection(ProjectConfigurationPlatforms) = postSolution
		{38E575D0-9C0F-484A-AA03-3CED7190262A}.Debug|Any CPU.ActiveCfg = Debug|Any CPU
		{38E575D0-9C0F-484A-AA03-3CED7190262A}.Debug|Any CPU.Build.0 = Debug|Any CPU
		{38E575D0-9C0F-484A-AA03-3CED7190262A}.Release|Any CPU.ActiveCfg = Release|Any CPU
		{38E575D0-9C0F-484A-AA03-3CED7190262A}.Release|Any CPU.Build.0 = Release|Any CPU
	EndGlobalSection
	GlobalSection(SolutionProperties) = preSolution
		HideSolutionNode = FALSE
	EndGlobalSection
	GlobalSection(ExtensibilityGlobals) = postSolution
		SolutionGuid = {1AB3075D-9BB3-4D68-A05A-4593F67A03B8}
	EndGlobalSection
EndGlobal
